
Microsoft Visual Studio Solution File, Format Version 12.00
# Visual Studio Version 17
VisualStudioVersion = 17.2.32526.322
MinimumVisualStudioVersion = 10.0.40219.1
Project("{8BC9CEB8-8B4A-11D0-8D11-00A0C91BC942}") = "MPITestFile", "MPITestFile\MPITestFile.vcxproj", "{09D63B19-3681-42B5-99A6-5D2CA90F1797}"
EndProject
Global
	GlobalSection(SolutionConfigurationPlatforms) = preSolution
		Debug|x64 = Debug|x64
		Debug|x86 = Debug|x86
		Release|x64 = Release|x64
		Release|x86 = Release|x86
	EndGlobalSection
	GlobalSection(ProjectConfigurationPlatforms) = postSolution
		{09D63B19-3681-42B5-99A6-5D2CA90F1797}.Debug|x64.ActiveCfg = Debug|x64
		{09D63B19-3681-42B5-99A6-5D2CA90F1797}.Debug|x64.Build.0 = Debug|x64
		{09D63B19-3681-42B5-99A6-5D2CA90F1797}.Debug|x86.ActiveCfg = Debug|Win32
		{09D63B19-3681-42B5-99A6-5D2CA90F1797}.Debug|x86.Build.0 = Debug|Win32
		{09D63B19-3681-42B5-99A6-5D2CA90F1797}.Release|x64.ActiveCfg = Release|x64
		{09D63B19-3681-42B5-99A6-5D2CA90F1797}.Release|x64.Build.0 = Release|x64
		{09D63B19-3681-42B5-99A6-5D2CA90F1797}.Release|x86.ActiveCfg = Release|Win32
		{09D63B19-3681-42B5-99A6-5D2CA90F1797}.Release|x86.Build.0 = Release|Win32
	EndGlobalSection
	GlobalSection(SolutionProperties) = preSolution
		HideSolutionNode = FALSE
	EndGlobalSection
	GlobalSection(ExtensibilityGlobals) = postSolution
		SolutionGuid = {3A85BF49-9E80-4153-80DB-B6729054C08B}
	EndGlobalSection
EndGlobal
